
Microsoft Visual Studio Solution File, Format Version 12.00
# Visual Studio Version 16
VisualStudioVersion = 16.0.33027.164
MinimumVisualStudioVersion = 10.0.40219.1
Project("{9A19103F-16F7-4668-BE54-9A1E7A4F7556}") = "CambioDeBase", "CambioDeBase\CambioDeBase.csproj", "{66DDB4D3-2975-4798-8604-275CA77FD2E0}"
EndProject
Project("{9A19103F-16F7-4668-BE54-9A1E7A4F7556}") = "PruebaUnitaria", "ArbolDePeso\PruebaUnitaria.csproj", "{4FCCF9B6-7A65-4605-B711-1984D0A058DF}"
EndProject
Project("{FAE04EC0-301F-11D3-BF4B-00C04F79EFBC}") = "ArbolConPeso", "ArbolConPeso\ArbolConPeso.csproj", "{139DE532-224B-44A6-B5BA-E8C4FCA3ED43}"
EndProject
Global
	GlobalSection(SolutionConfigurationPlatforms) = preSolution
		Debug|Any CPU = Debug|Any CPU
		Release|Any CPU = Release|Any CPU
	EndGlobalSection
	GlobalSection(ProjectConfigurationPlatforms) = postSolution
		{66DDB4D3-2975-4798-8604-275CA77FD2E0}.Debug|Any CPU.ActiveCfg = Debug|Any CPU
		{66DDB4D3-2975-4798-8604-275CA77FD2E0}.Debug|Any CPU.Build.0 = Debug|Any CPU
		{66DDB4D3-2975-4798-8604-275CA77FD2E0}.Release|Any CPU.ActiveCfg = Release|Any CPU
		{66DDB4D3-2975-4798-8604-275CA77FD2E0}.Release|Any CPU.Build.0 = Release|Any CPU
		{4FCCF9B6-7A65-4605-B711-1984D0A058DF}.Debug|Any CPU.ActiveCfg = Debug|Any CPU
		{4FCCF9B6-7A65-4605-B711-1984D0A058DF}.Debug|Any CPU.Build.0 = Debug|Any CPU
		{4FCCF9B6-7A65-4605-B711-1984D0A058DF}.Release|Any CPU.ActiveCfg = Release|Any CPU
		{4FCCF9B6-7A65-4605-B711-1984D0A058DF}.Release|Any CPU.Build.0 = Release|Any CPU
		{139DE532-224B-44A6-B5BA-E8C4FCA3ED43}.Debug|Any CPU.ActiveCfg = Debug|Any CPU
		{139DE532-224B-44A6-B5BA-E8C4FCA3ED43}.Debug|Any CPU.Build.0 = Debug|Any CPU
		{139DE532-224B-44A6-B5BA-E8C4FCA3ED43}.Release|Any CPU.ActiveCfg = Release|Any CPU
		{139DE532-224B-44A6-B5BA-E8C4FCA3ED43}.Release|Any CPU.Build.0 = Release|Any CPU
	EndGlobalSection
	GlobalSection(SolutionProperties) = preSolution
		HideSolutionNode = FALSE
	EndGlobalSection
	GlobalSection(ExtensibilityGlobals) = postSolution
		SolutionGuid = {934BD1EE-0496-4A8C-8DF6-3268B85EC33C}
	EndGlobalSection
EndGlobal
